
Microsoft Visual Studio Solution File, Format Version 12.00
# Visual Studio Version 17
VisualStudioVersion = 17.14.36915.13 d17.14
MinimumVisualStudioVersion = 10.0.40219.1
Project("{FAE04EC0-301F-11D3-BF4B-00C04F79EFBC}") = "archNoEstr", "archNoEstr\archNoEstr.csproj", "{BB21404E-1A91-4993-A9F6-AE834003E17E}"
EndProject
Global
	GlobalSection(SolutionConfigurationPlatforms) = preSolution
		Debug|Any CPU = Debug|Any CPU
		Release|Any CPU = Release|Any CPU
	EndGlobalSection
	GlobalSection(ProjectConfigurationPlatforms) = postSolution
		{BB21404E-1A91-4993-A9F6-AE834003E17E}.Debug|Any CPU.ActiveCfg = Debug|Any CPU
		{BB21404E-1A91-4993-A9F6-AE834003E17E}.Debug|Any CPU.Build.0 = Debug|Any CPU
		{BB21404E-1A91-4993-A9F6-AE834003E17E}.Release|Any CPU.ActiveCfg = Release|Any CPU
		{BB21404E-1A91-4993-A9F6-AE834003E17E}.Release|Any CPU.Build.0 = Release|Any CPU
	EndGlobalSection
	GlobalSection(SolutionProperties) = preSolution
		HideSolutionNode = FALSE
	EndGlobalSection
	GlobalSection(ExtensibilityGlobals) = postSolution
		SolutionGuid = {C5952BCE-ED59-4983-A31F-87ED913087DE}
	EndGlobalSection
EndGlobal
